
Microsoft Visual Studio Solution File, Format Version 12.00
# Visual Studio Version 16
VisualStudioVersion = 16.0.29201.188
MinimumVisualStudioVersion = 10.0.40219.1
Project("{FAE04EC0-301F-11D3-BF4B-00C04F79EFBC}") = "TodoApi", "TodoApi.csproj", "{2ECF60D0-0B4C-4B7B-BA52-7C09A471788D}"
EndProject
Global
	GlobalSection(SolutionConfigurationPlatforms) = preSolution
		Debug|Any CPU = Debug|Any CPU
		Release|Any CPU = Release|Any CPU
	EndGlobalSection
	GlobalSection(ProjectConfigurationPlatforms) = postSolution
		{2ECF60D0-0B4C-4B7B-BA52-7C09A471788D}.Debug|Any CPU.ActiveCfg = Debug|Any CPU
		{2ECF60D0-0B4C-4B7B-BA52-7C09A471788D}.Debug|Any CPU.Build.0 = Debug|Any CPU
		{2ECF60D0-0B4C-4B7B-BA52-7C09A471788D}.Release|Any CPU.ActiveCfg = Release|Any CPU
		{2ECF60D0-0B4C-4B7B-BA52-7C09A471788D}.Release|Any CPU.Build.0 = Release|Any CPU
	EndGlobalSection
	GlobalSection(SolutionProperties) = preSolution
		HideSolutionNode = FALSE
	EndGlobalSection
	GlobalSection(ExtensibilityGlobals) = postSolution
		SolutionGuid = {6AB2F12B-E1D4-4667-A0D9-7DF410783C94}
	EndGlobalSection
EndGlobal
