
Microsoft Visual Studio Solution File, Format Version 12.00
# Visual Studio Version 16
VisualStudioVersion = 16.0.29201.188
MinimumVisualStudioVersion = 10.0.40219.1
Project("{FAE04EC0-301F-11D3-BF4B-00C04F79EFBC}") = "EFGetStarted", "EFGetStarted.csproj", "{D0E30377-7D80-4D4C-8521-274074E3EFB9}"
EndProject
Global
	GlobalSection(SolutionConfigurationPlatforms) = preSolution
		Debug|Any CPU = Debug|Any CPU
		Release|Any CPU = Release|Any CPU
	EndGlobalSection
	GlobalSection(ProjectConfigurationPlatforms) = postSolution
		{D0E30377-7D80-4D4C-8521-274074E3EFB9}.Debug|Any CPU.ActiveCfg = Debug|Any CPU
		{D0E30377-7D80-4D4C-8521-274074E3EFB9}.Debug|Any CPU.Build.0 = Debug|Any CPU
		{D0E30377-7D80-4D4C-8521-274074E3EFB9}.Release|Any CPU.ActiveCfg = Release|Any CPU
		{D0E30377-7D80-4D4C-8521-274074E3EFB9}.Release|Any CPU.Build.0 = Release|Any CPU
	EndGlobalSection
	GlobalSection(SolutionProperties) = preSolution
		HideSolutionNode = FALSE
	EndGlobalSection
	GlobalSection(ExtensibilityGlobals) = postSolution
		SolutionGuid = {7BB022C6-7890-44CC-BB9B-2925D3407A35}
	EndGlobalSection
EndGlobal
