
Microsoft Visual Studio Solution File, Format Version 12.00
# Visual Studio Version 16
VisualStudioVersion = 16.0.29201.188
MinimumVisualStudioVersion = 10.0.40219.1
Project("{FAE04EC0-301F-11D3-BF4B-00C04F79EFBC}") = "ContosoUniversity", "ContosoUniversity.csproj", "{160E6C83-18BE-43A2-8B4A-C589953A326E}"
EndProject
Global
	GlobalSection(SolutionConfigurationPlatforms) = preSolution
		Debug|Any CPU = Debug|Any CPU
		Release|Any CPU = Release|Any CPU
	EndGlobalSection
	GlobalSection(ProjectConfigurationPlatforms) = postSolution
		{160E6C83-18BE-43A2-8B4A-C589953A326E}.Debug|Any CPU.ActiveCfg = Debug|Any CPU
		{160E6C83-18BE-43A2-8B4A-C589953A326E}.Debug|Any CPU.Build.0 = Debug|Any CPU
		{160E6C83-18BE-43A2-8B4A-C589953A326E}.Release|Any CPU.ActiveCfg = Release|Any CPU
		{160E6C83-18BE-43A2-8B4A-C589953A326E}.Release|Any CPU.Build.0 = Release|Any CPU
	EndGlobalSection
	GlobalSection(SolutionProperties) = preSolution
		HideSolutionNode = FALSE
	EndGlobalSection
	GlobalSection(ExtensibilityGlobals) = postSolution
		SolutionGuid = {4DCD9066-7544-40F5-9862-AD6DFD30C7C6}
	EndGlobalSection
EndGlobal
